{
  "name": "csv-to-clp",
  "version": "1.0.0",
  "lockfileVersion": 3,
  "requires": true,
  "packages": {
    "": {
      "name": "csv-to-clp",
      "version": "1.0.0",
      "license": "MIT",
      "dependencies": {
        "csv-to-clp": "file:"
      }
    },
    "node_modules/csv-to-clp": {
      "resolved": "",
      "link": true
    }
  }
}
